
Microsoft Visual Studio Solution File, Format Version 12.00
# Visual Studio Version 17
VisualStudioVersion = 17.5.002.0
MinimumVisualStudioVersion = 10.0.40219.1
Project("{9A19103F-16F7-4668-BE54-9A1E7A4F7556}") = "QT_API", "QT_API\QT_API.csproj", "{4EA66B16-3469-428E-BA60-6D60004609DB}"
EndProject
Global
	GlobalSection(SolutionConfigurationPlatforms) = preSolution
		Debug|Any CPU = Debug|Any CPU
		Release|Any CPU = Release|Any CPU
	EndGlobalSection
	GlobalSection(ProjectConfigurationPlatforms) = postSolution
		{4EA66B16-3469-428E-BA60-6D60004609DB}.Debug|Any CPU.ActiveCfg = Debug|Any CPU
		{4EA66B16-3469-428E-BA60-6D60004609DB}.Debug|Any CPU.Build.0 = Debug|Any CPU
		{4EA66B16-3469-428E-BA60-6D60004609DB}.Release|Any CPU.ActiveCfg = Release|Any CPU
		{4EA66B16-3469-428E-BA60-6D60004609DB}.Release|Any CPU.Build.0 = Release|Any CPU
	EndGlobalSection
	GlobalSection(SolutionProperties) = preSolution
		HideSolutionNode = FALSE
	EndGlobalSection
	GlobalSection(ExtensibilityGlobals) = postSolution
		SolutionGuid = {C80E367E-E145-4EEA-9D82-E88797E4B7D2}
	EndGlobalSection
EndGlobal
